PODS:
  - Braintree (3.4.2):
    - Braintree/API
    - Braintree/Drop-In
    - Braintree/Payments
    - Braintree/PayPal
    - Braintree/UI
    - Braintree/Venmo
  - Braintree/API (3.4.2)
  - Braintree/Drop-In (3.4.2):
    - Braintree/API
    - Braintree/Payments
    - Braintree/PayPal
    - Braintree/UI
    - Braintree/Venmo
  - Braintree/Payments (3.4.2):
    - Braintree/API
    - Braintree/PayPal
    - Braintree/Venmo
  - Braintree/PayPal (3.4.2):
    - Braintree/API
    - Braintree/UI
  - Braintree/UI (3.4.2):
    - Braintree/API
  - Braintree/Venmo (3.4.2):
    - Braintree/API
  - M13BadgeView (1.0.3)
  - MBProgressHUD (0.9)
  - RMDateSelectionViewController (1.3.0)
  - SWTableViewCell (0.3.6)

DEPENDENCIES:
  - Braintree
  - M13BadgeView (~> 1.0.2)
  - MBProgressHUD (~> 0.8)
  - RMDateSelectionViewController (~> 1.3.0)
  - SWTableViewCell (~> 0.3.6)

SPEC CHECKSUMS:
  Braintree: 1dedc5757cfa31bfe3319e2d927b96748e974caa
  M13BadgeView: ba877709e9e0f762bdd7badeb4f64e686b95531a
  MBProgressHUD: 2038dbcf3dce73215abed6001657043d53aa79a8
  RMDateSelectionViewController: b6e6724739c80c17af0fbb722793eb7f3b6eb4df
  SWTableViewCell: f5cbe30c49c4e5b97231c076f17331caaf3f6244

COCOAPODS: 0.34.4
